
Microsoft Visual Studio Solution File, Format Version 11.00
# Visual Studio 2010
Project("{FAE04EC0-301F-11D3-BF4B-00C04F79EFBC}") = "MyAssembly", "MyAssembly.csproj", "{a391616d-bc6c-c9f3-a851-6ae0327b9915}"
EndProject
Project("{FAE04EC0-301F-11D3-BF4B-00C04F79EFBC}") = "TestsPlayMode", "TestsPlayMode.csproj", "{68edc868-bc63-fd1e-42f1-9616a90d4f37}"
EndProject
Project("{FAE04EC0-301F-11D3-BF4B-00C04F79EFBC}") = "TestEditMode", "TestEditMode.csproj", "{60750cd2-27c1-b290-c66a-be3802014a97}"
EndProject
Project("{FAE04EC0-301F-11D3-BF4B-00C04F79EFBC}") = "Assembly-CSharp", "Assembly-CSharp.csproj", "{9d80e457-9557-0eea-a71a-0d35edc57445}"
EndProject
Global
	GlobalSection(SolutionConfigurationPlatforms) = preSolution
		Debug|Any CPU = Debug|Any CPU
	EndGlobalSection
	GlobalSection(ProjectConfigurationPlatforms) = postSolution
		{a391616d-bc6c-c9f3-a851-6ae0327b9915}.Debug|Any CPU.ActiveCfg = Debug|Any CPU
		{a391616d-bc6c-c9f3-a851-6ae0327b9915}.Debug|Any CPU.Build.0 = Debug|Any CPU
		{68edc868-bc63-fd1e-42f1-9616a90d4f37}.Debug|Any CPU.ActiveCfg = Debug|Any CPU
		{68edc868-bc63-fd1e-42f1-9616a90d4f37}.Debug|Any CPU.Build.0 = Debug|Any CPU
		{60750cd2-27c1-b290-c66a-be3802014a97}.Debug|Any CPU.ActiveCfg = Debug|Any CPU
		{60750cd2-27c1-b290-c66a-be3802014a97}.Debug|Any CPU.Build.0 = Debug|Any CPU
		{9d80e457-9557-0eea-a71a-0d35edc57445}.Debug|Any CPU.ActiveCfg = Debug|Any CPU
		{9d80e457-9557-0eea-a71a-0d35edc57445}.Debug|Any CPU.Build.0 = Debug|Any CPU
	EndGlobalSection
	GlobalSection(SolutionProperties) = preSolution
		HideSolutionNode = FALSE
	EndGlobalSection
EndGlobal
