
Microsoft Visual Studio Solution File, Format Version 12.00
# Visual Studio 15
Project("{FAE04EC0-301F-11D3-BF4B-00C04F79EFBC}") = "MyAssembly", "MyAssembly.csproj", "{6D6191A3-6CBC-F3C9-A851-6AE0327B9915}"
EndProject
Project("{FAE04EC0-301F-11D3-BF4B-00C04F79EFBC}") = "TestsPlayMode", "TestsPlayMode.csproj", "{68C8ED68-63BC-1EFD-42F1-9616A90D4F37}"
EndProject
Project("{FAE04EC0-301F-11D3-BF4B-00C04F79EFBC}") = "TestEditMode", "TestEditMode.csproj", "{D20C7560-C127-90B2-C66A-BE3802014A97}"
EndProject
Global
	GlobalSection(SolutionConfigurationPlatforms) = preSolution
		Debug|Any CPU = Debug|Any CPU
		Release|Any CPU = Release|Any CPU
	EndGlobalSection
	GlobalSection(ProjectConfigurationPlatforms) = postSolution
		{6D6191A3-6CBC-F3C9-A851-6AE0327B9915}.Debug|Any CPU.ActiveCfg = Debug|Any CPU
		{6D6191A3-6CBC-F3C9-A851-6AE0327B9915}.Debug|Any CPU.Build.0 = Debug|Any CPU
		{6D6191A3-6CBC-F3C9-A851-6AE0327B9915}.Release|Any CPU.ActiveCfg = Release|Any CPU
		{6D6191A3-6CBC-F3C9-A851-6AE0327B9915}.Release|Any CPU.Build.0 = Release|Any CPU
		{68C8ED68-63BC-1EFD-42F1-9616A90D4F37}.Debug|Any CPU.ActiveCfg = Debug|Any CPU
		{68C8ED68-63BC-1EFD-42F1-9616A90D4F37}.Debug|Any CPU.Build.0 = Debug|Any CPU
		{68C8ED68-63BC-1EFD-42F1-9616A90D4F37}.Release|Any CPU.ActiveCfg = Release|Any CPU
		{68C8ED68-63BC-1EFD-42F1-9616A90D4F37}.Release|Any CPU.Build.0 = Release|Any CPU
		{D20C7560-C127-90B2-C66A-BE3802014A97}.Debug|Any CPU.ActiveCfg = Debug|Any CPU
		{D20C7560-C127-90B2-C66A-BE3802014A97}.Debug|Any CPU.Build.0 = Debug|Any CPU
		{D20C7560-C127-90B2-C66A-BE3802014A97}.Release|Any CPU.ActiveCfg = Release|Any CPU
		{D20C7560-C127-90B2-C66A-BE3802014A97}.Release|Any CPU.Build.0 = Release|Any CPU
	EndGlobalSection
	GlobalSection(SolutionProperties) = preSolution
		HideSolutionNode = FALSE
	EndGlobalSection
EndGlobal
